
Microsoft Visual Studio Solution File, Format Version 12.00
# Visual Studio Version 17
VisualStudioVersion = 17.10.34928.147
MinimumVisualStudioVersion = 10.0.40219.1
Project("{9A19103F-16F7-4668-BE54-9A1E7A4F7556}") = "TechChallange.Api", "TechChallange.Api\TechChallange.Api.csproj", "{3AF66EA9-D2AE-4845-B525-10E5402A80CE}"
EndProject
Project("{9A19103F-16F7-4668-BE54-9A1E7A4F7556}") = "TechChallange.Domain", "TechChallange.Domain\TechChallange.Domain.csproj", "{3678979A-FCBE-4AFC-8500-2661FDED3BCB}"
EndProject
Project("{9A19103F-16F7-4668-BE54-9A1E7A4F7556}") = "TechChallange.Infrastructure", "TechChallange.Infrastructure\TechChallange.Infrastructure.csproj", "{A5C5E9A8-7B9D-4D07-94F9-2BF18A78D376}"
EndProject
Project("{FAE04EC0-301F-11D3-BF4B-00C04F79EFBC}") = "TechChallange.Test", "TechChallange.Test\TechChallange.Test.csproj", "{C4C174EA-6440-402F-8C41-1E8CFBDA7401}"
EndProject
Project("{FAE04EC0-301F-11D3-BF4B-00C04F79EFBC}") = "TechChallange.IoC", "TechChallange.IoC\TechChallange.IoC.csproj", "{863CEDB1-DFE4-4392-A565-817744307B57}"
EndProject
Global
	GlobalSection(SolutionConfigurationPlatforms) = preSolution
		Debug|Any CPU = Debug|Any CPU
		Release|Any CPU = Release|Any CPU
	EndGlobalSection
	GlobalSection(ProjectConfigurationPlatforms) = postSolution
		{3AF66EA9-D2AE-4845-B525-10E5402A80CE}.Debug|Any CPU.ActiveCfg = Debug|Any CPU
		{3AF66EA9-D2AE-4845-B525-10E5402A80CE}.Debug|Any CPU.Build.0 = Debug|Any CPU
		{3AF66EA9-D2AE-4845-B525-10E5402A80CE}.Release|Any CPU.ActiveCfg = Release|Any CPU
		{3AF66EA9-D2AE-4845-B525-10E5402A80CE}.Release|Any CPU.Build.0 = Release|Any CPU
		{3678979A-FCBE-4AFC-8500-2661FDED3BCB}.Debug|Any CPU.ActiveCfg = Debug|Any CPU
		{3678979A-FCBE-4AFC-8500-2661FDED3BCB}.Debug|Any CPU.Build.0 = Debug|Any CPU
		{3678979A-FCBE-4AFC-8500-2661FDED3BCB}.Release|Any CPU.ActiveCfg = Release|Any CPU
		{3678979A-FCBE-4AFC-8500-2661FDED3BCB}.Release|Any CPU.Build.0 = Release|Any CPU
		{A5C5E9A8-7B9D-4D07-94F9-2BF18A78D376}.Debug|Any CPU.ActiveCfg = Debug|Any CPU
		{A5C5E9A8-7B9D-4D07-94F9-2BF18A78D376}.Debug|Any CPU.Build.0 = Debug|Any CPU
		{A5C5E9A8-7B9D-4D07-94F9-2BF18A78D376}.Release|Any CPU.ActiveCfg = Release|Any CPU
		{A5C5E9A8-7B9D-4D07-94F9-2BF18A78D376}.Release|Any CPU.Build.0 = Release|Any CPU
		{C4C174EA-6440-402F-8C41-1E8CFBDA7401}.Debug|Any CPU.ActiveCfg = Debug|Any CPU
		{C4C174EA-6440-402F-8C41-1E8CFBDA7401}.Debug|Any CPU.Build.0 = Debug|Any CPU
		{C4C174EA-6440-402F-8C41-1E8CFBDA7401}.Release|Any CPU.ActiveCfg = Release|Any CPU
		{C4C174EA-6440-402F-8C41-1E8CFBDA7401}.Release|Any CPU.Build.0 = Release|Any CPU
		{863CEDB1-DFE4-4392-A565-817744307B57}.Debug|Any CPU.ActiveCfg = Debug|Any CPU
		{863CEDB1-DFE4-4392-A565-817744307B57}.Debug|Any CPU.Build.0 = Debug|Any CPU
		{863CEDB1-DFE4-4392-A565-817744307B57}.Release|Any CPU.ActiveCfg = Release|Any CPU
		{863CEDB1-DFE4-4392-A565-817744307B57}.Release|Any CPU.Build.0 = Release|Any CPU
	EndGlobalSection
	GlobalSection(SolutionProperties) = preSolution
		HideSolutionNode = FALSE
	EndGlobalSection
	GlobalSection(ExtensibilityGlobals) = postSolution
		SolutionGuid = {58FF8F33-8C19-4E90-A631-CB360854721B}
	EndGlobalSection
EndGlobal
